// !$*UTF8*$!
{
	archiveVersion = 1;
	classes = {
	};
	objectVersion = 55;
	objects = {

/* Begin PBXBuildFile section */
		2231EAE02681191500AE917E /* Color.swift in Sources */ = {isa = PBXBuildFile; fileRef = 2231EADF2681191500AE917E /* Color.swift */; };
		2231EAE42681215200AE917E /* Toolbar.swift in Sources */ = {isa = PBXBuildFile; fileRef = 2231EAE32681215200AE917E /* Toolbar.swift */; };
		2231EAE62681250C00AE917E /* VolumeSlider.swift in Sources */ = {isa = PBXBuildFile; fileRef = 2231EAE52681250C00AE917E /* VolumeSlider.swift */; };
		2231EAE826812B0B00AE917E /* View+Extensions.swift in Sources */ = {isa = PBXBuildFile; fileRef = 2231EAE726812B0B00AE917E /* View+Extensions.swift */; };
		2231EAEA2681FAEE00AE917E /* NowListening.swift in Sources */ = {isa = PBXBuildFile; fileRef = 2231EAE92681FAEE00AE917E /* NowListening.swift */; };
		2231EAEC2682644F00AE917E /* Logo.swift in Sources */ = {isa = PBXBuildFile; fileRef = 2231EAEB2682644E00AE917E /* Logo.swift */; };
		225672FB2677C18B00C6B122 /* PocketcastsApp.swift in Sources */ = {isa = PBXBuildFile; fileRef = 225672FA2677C18B00C6B122 /* PocketcastsApp.swift */; };
		225672FD2677C18B00C6B122 /* ContentView.swift in Sources */ = {isa = PBXBuildFile; fileRef = 225672FC2677C18B00C6B122 /* ContentView.swift */; };
		225673022677C18F00C6B122 /* Preview Assets.xcassets in Resources */ = {isa = PBXBuildFile; fileRef = 225673012677C18F00C6B122 /* Preview Assets.xcassets */; };
		2256730C2677C19000C6B122 /* BaseTestCase.swift in Sources */ = {isa = PBXBuildFile; fileRef = 2256730B2677C19000C6B122 /* BaseTestCase.swift */; };
		225673162677C19000C6B122 /* PocketcastsUITests.swift in Sources */ = {isa = PBXBuildFile; fileRef = 225673152677C19000C6B122 /* PocketcastsUITests.swift */; };
		225673262677C27400C6B122 /* Podcast.swift in Sources */ = {isa = PBXBuildFile; fileRef = 225673252677C27400C6B122 /* Podcast.swift */; };
		225673282677C44700C6B122 /* Episode.swift in Sources */ = {isa = PBXBuildFile; fileRef = 225673272677C44700C6B122 /* Episode.swift */; };
		2256732A2677C72900C6B122 /* SubscriptionStatus.swift in Sources */ = {isa = PBXBuildFile; fileRef = 225673292677C72900C6B122 /* SubscriptionStatus.swift */; };
		2256732F2677C86D00C6B122 /* Endpoint.swift in Sources */ = {isa = PBXBuildFile; fileRef = 2256732E2677C86D00C6B122 /* Endpoint.swift */; };
		22567335267A104E00C6B122 /* URLSession.swift in Sources */ = {isa = PBXBuildFile; fileRef = 22567334267A104E00C6B122 /* URLSession.swift */; };
		22567339267A126D00C6B122 /* User.swift in Sources */ = {isa = PBXBuildFile; fileRef = 22567338267A126D00C6B122 /* User.swift */; };
		2256733B267A1CD800C6B122 /* HTTPMethod.swift in Sources */ = {isa = PBXBuildFile; fileRef = 2256733A267A1CD800C6B122 /* HTTPMethod.swift */; };
		2256733D267B60D300C6B122 /* LoginTests.swift in Sources */ = {isa = PBXBuildFile; fileRef = 2256733C267B60D300C6B122 /* LoginTests.swift */; };
		2256733F267B619800C6B122 /* Network.swift in Sources */ = {isa = PBXBuildFile; fileRef = 2256733E267B619800C6B122 /* Network.swift */; };
		226AC4A12683446B00F9C34D /* Main.xcdatamodeld in Sources */ = {isa = PBXBuildFile; fileRef = 226AC49F2683446B00F9C34D /* Main.xcdatamodeld */; };
		226AC4A32683450600F9C34D /* Persistence.swift in Sources */ = {isa = PBXBuildFile; fileRef = 226AC4A22683450500F9C34D /* Persistence.swift */; };
		226AC4A52683C88600F9C34D /* Endpoint+Episode.swift in Sources */ = {isa = PBXBuildFile; fileRef = 226AC4A42683C88600F9C34D /* Endpoint+Episode.swift */; };
		22AA926E267B6BF100E038D3 /* Endpoint+User.swift in Sources */ = {isa = PBXBuildFile; fileRef = 22AA926D267B6BF100E038D3 /* Endpoint+User.swift */; };
		22AA9270267B6C0B00E038D3 /* Endpoint+Podcast.swift in Sources */ = {isa = PBXBuildFile; fileRef = 22AA926F267B6C0B00E038D3 /* Endpoint+Podcast.swift */; };
		22AA9272267B6C5800E038D3 /* PodcastTests.swift in Sources */ = {isa = PBXBuildFile; fileRef = 22AA9271267B6C5800E038D3 /* PodcastTests.swift */; };
		22AA9274267B700600E038D3 /* BaseTestCase+User.swift in Sources */ = {isa = PBXBuildFile; fileRef = 22AA9273267B700600E038D3 /* BaseTestCase+User.swift */; };
		22AA9276267BC8EB00E038D3 /* Endpoint+SubscriptionStatus.swift in Sources */ = {isa = PBXBuildFile; fileRef = 22AA9275267BC8EB00E038D3 /* Endpoint+SubscriptionStatus.swift */; };
		22AA9278267BC92D00E038D3 /* SubscriptionStatusTests.swift in Sources */ = {isa = PBXBuildFile; fileRef = 22AA9277267BC92D00E038D3 /* SubscriptionStatusTests.swift */; };
		22AA9286267BD48100E038D3 /* LoginView.swift in Sources */ = {isa = PBXBuildFile; fileRef = 22AA9285267BD48100E038D3 /* LoginView.swift */; };
		22AA928B267BE4CD00E038D3 /* AppState.swift in Sources */ = {isa = PBXBuildFile; fileRef = 22AA928A267BE4CD00E038D3 /* AppState.swift */; };
		22AA9290267CB94600E038D3 /* HomeView.swift in Sources */ = {isa = PBXBuildFile; fileRef = 22AA928F267CB94600E038D3 /* HomeView.swift */; };
		22AA9293267CC19A00E038D3 /* UserDefaults+ObjectSavable.swift in Sources */ = {isa = PBXBuildFile; fileRef = 22AA9292267CC19A00E038D3 /* UserDefaults+ObjectSavable.swift */; };
		22AA9296267E135100E038D3 /* AccountView.swift in Sources */ = {isa = PBXBuildFile; fileRef = 22AA9295267E135100E038D3 /* AccountView.swift */; };
		22AA9299267FCCCA00E038D3 /* PodcastsView.swift in Sources */ = {isa = PBXBuildFile; fileRef = 22AA9298267FCCCA00E038D3 /* PodcastsView.swift */; };
		22AA929B267FCCF900E038D3 /* PodcastsViewModel.swift in Sources */ = {isa = PBXBuildFile; fileRef = 22AA929A267FCCF900E038D3 /* PodcastsViewModel.swift */; };
		22AA929D267FCF3100E038D3 /* PodcastCell.swift in Sources */ = {isa = PBXBuildFile; fileRef = 22AA929C267FCF3100E038D3 /* PodcastCell.swift */; };
		22AA92AF2680AC0A00E038D3 /* .gitkeep in Resources */ = {isa = PBXBuildFile; fileRef = 22AA92AE2680AC0A00E038D3 /* .gitkeep */; };
		22AA92B22680AC1700E038D3 /* Localizable.strings in Resources */ = {isa = PBXBuildFile; fileRef = 22AA92B12680AC1700E038D3 /* Localizable.strings */; };
		22AA92B42680ACA200E038D3 /* Images.xcassets in Resources */ = {isa = PBXBuildFile; fileRef = 22AA92B32680ACA200E038D3 /* Images.xcassets */; };
		22AA92B62680ACC100E038D3 /* Colors.xcassets in Resources */ = {isa = PBXBuildFile; fileRef = 22AA92B52680ACC100E038D3 /* Colors.xcassets */; };
		22AA92BA2680ACEE00E038D3 /* Strings.swift in Sources */ = {isa = PBXBuildFile; fileRef = 22AA92B82680ACEE00E038D3 /* Strings.swift */; };
		22AA92C02680AE2400E038D3 /* Images.swift in Sources */ = {isa = PBXBuildFile; fileRef = 22AA92BE2680AE2400E038D3 /* Images.swift */; };
/* End PBXBuildFile section */

/* Begin PBXContainerItemProxy section */
		225673082677C19000C6B122 /* PBXContainerItemProxy */ = {
			isa = PBXContainerItemProxy;
			containerPortal = 225672EF2677C18B00C6B122 /* Project object */;
			proxyType = 1;
			remoteGlobalIDString = 225672F62677C18B00C6B122;
			remoteInfo = Pocketcasts;
		};
		225673122677C19000C6B122 /* PBXContainerItemProxy */ = {
			isa = PBXContainerItemProxy;
			containerPortal = 225672EF2677C18B00C6B122 /* Project object */;
			proxyType = 1;
			remoteGlobalIDString = 225672F62677C18B00C6B122;
			remoteInfo = Pocketcasts;
		};
/* End PBXContainerItemProxy section */

/* Begin PBXFileReference section */
		2231EADF2681191500AE917E /* Color.swift */ = {isa = PBXFileReference; lastKnownFileType = sourcecode.swift; path = Color.swift; sourceTree = "<group>"; };
		2231EAE32681215200AE917E /* Toolbar.swift */ = {isa = PBXFileReference; lastKnownFileType = sourcecode.swift; path = Toolbar.swift; sourceTree = "<group>"; };
		2231EAE52681250C00AE917E /* VolumeSlider.swift */ = {isa = PBXFileReference; lastKnownFileType = sourcecode.swift; path = VolumeSlider.swift; sourceTree = "<group>"; };
		2231EAE726812B0B00AE917E /* View+Extensions.swift */ = {isa = PBXFileReference; lastKnownFileType = sourcecode.swift; path = "View+Extensions.swift"; sourceTree = "<group>"; };
		2231EAE92681FAEE00AE917E /* NowListening.swift */ = {isa = PBXFileReference; lastKnownFileType = sourcecode.swift; path = NowListening.swift; sourceTree = "<group>"; };
		2231EAEB2682644E00AE917E /* Logo.swift */ = {isa = PBXFileReference; lastKnownFileType = sourcecode.swift; path = Logo.swift; sourceTree = "<group>"; };
		225672F72677C18B00C6B122 /* Pocketcasts.app */ = {isa = PBXFileReference; explicitFileType = wrapper.application; includeInIndex = 0; path = Pocketcasts.app; sourceTree = BUILT_PRODUCTS_DIR; };
		225672FA2677C18B00C6B122 /* PocketcastsApp.swift */ = {isa = PBXFileReference; lastKnownFileType = sourcecode.swift; path = PocketcastsApp.swift; sourceTree = "<group>"; };
		225672FC2677C18B00C6B122 /* ContentView.swift */ = {isa = PBXFileReference; lastKnownFileType = sourcecode.swift; path = ContentView.swift; sourceTree = "<group>"; };
		225673012677C18F00C6B122 /* Preview Assets.xcassets */ = {isa = PBXFileReference; lastKnownFileType = folder.assetcatalog; path = "Preview Assets.xcassets"; sourceTree = "<group>"; };
		225673072677C19000C6B122 /* PocketcastsTests.xctest */ = {isa = PBXFileReference; explicitFileType = wrapper.cfbundle; includeInIndex = 0; path = PocketcastsTests.xctest; sourceTree = BUILT_PRODUCTS_DIR; };
		2256730B2677C19000C6B122 /* BaseTestCase.swift */ = {isa = PBXFileReference; lastKnownFileType = sourcecode.swift; path = BaseTestCase.swift; sourceTree = "<group>"; };
		225673112677C19000C6B122 /* PocketcastsUITests.xctest */ = {isa = PBXFileReference; explicitFileType = wrapper.cfbundle; includeInIndex = 0; path = PocketcastsUITests.xctest; sourceTree = BUILT_PRODUCTS_DIR; };
		225673152677C19000C6B122 /* PocketcastsUITests.swift */ = {isa = PBXFileReference; lastKnownFileType = sourcecode.swift; path = PocketcastsUITests.swift; sourceTree = "<group>"; };
		225673232677C1EA00C6B122 /* Pocketcasts.entitlements */ = {isa = PBXFileReference; lastKnownFileType = text.plist.entitlements; path = Pocketcasts.entitlements; sourceTree = "<group>"; };
		225673252677C27400C6B122 /* Podcast.swift */ = {isa = PBXFileReference; lastKnownFileType = sourcecode.swift; path = Podcast.swift; sourceTree = "<group>"; };
		225673272677C44700C6B122 /* Episode.swift */ = {isa = PBXFileReference; lastKnownFileType = sourcecode.swift; path = Episode.swift; sourceTree = "<group>"; };
		225673292677C72900C6B122 /* SubscriptionStatus.swift */ = {isa = PBXFileReference; lastKnownFileType = sourcecode.swift; path = SubscriptionStatus.swift; sourceTree = "<group>"; };
		2256732E2677C86D00C6B122 /* Endpoint.swift */ = {isa = PBXFileReference; lastKnownFileType = sourcecode.swift; path = Endpoint.swift; sourceTree = "<group>"; };
		22567334267A104E00C6B122 /* URLSession.swift */ = {isa = PBXFileReference; lastKnownFileType = sourcecode.swift; path = URLSession.swift; sourceTree = "<group>"; };
		22567338267A126D00C6B122 /* User.swift */ = {isa = PBXFileReference; lastKnownFileType = sourcecode.swift; path = User.swift; sourceTree = "<group>"; };
		2256733A267A1CD800C6B122 /* HTTPMethod.swift */ = {isa = PBXFileReference; lastKnownFileType = sourcecode.swift; path = HTTPMethod.swift; sourceTree = "<group>"; };
		2256733C267B60D300C6B122 /* LoginTests.swift */ = {isa = PBXFileReference; lastKnownFileType = sourcecode.swift; path = LoginTests.swift; sourceTree = "<group>"; };
		2256733E267B619800C6B122 /* Network.swift */ = {isa = PBXFileReference; lastKnownFileType = sourcecode.swift; path = Network.swift; sourceTree = "<group>"; };
		226AC4A02683446B00F9C34D /* Pocketcasts.xcdatamodel */ = {isa = PBXFileReference; lastKnownFileType = wrapper.xcdatamodel; path = Pocketcasts.xcdatamodel; sourceTree = "<group>"; };
		226AC4A22683450500F9C34D /* Persistence.swift */ = {isa = PBXFileReference; lastKnownFileType = sourcecode.swift; path = Persistence.swift; sourceTree = "<group>"; };
		226AC4A42683C88600F9C34D /* Endpoint+Episode.swift */ = {isa = PBXFileReference; lastKnownFileType = sourcecode.swift; path = "Endpoint+Episode.swift"; sourceTree = "<group>"; };
		22AA9268267B66D900E038D3 /* Info.plist */ = {isa = PBXFileReference; lastKnownFileType = text.plist.xml; path = Info.plist; sourceTree = "<group>"; };
		22AA926D267B6BF100E038D3 /* Endpoint+User.swift */ = {isa = PBXFileReference; lastKnownFileType = sourcecode.swift; path = "Endpoint+User.swift"; sourceTree = "<group>"; };
		22AA926F267B6C0B00E038D3 /* Endpoint+Podcast.swift */ = {isa = PBXFileReference; lastKnownFileType = sourcecode.swift; path = "Endpoint+Podcast.swift"; sourceTree = "<group>"; };
		22AA9271267B6C5800E038D3 /* PodcastTests.swift */ = {isa = PBXFileReference; lastKnownFileType = sourcecode.swift; path = PodcastTests.swift; sourceTree = "<group>"; };
		22AA9273267B700600E038D3 /* BaseTestCase+User.swift */ = {isa = PBXFileReference; lastKnownFileType = sourcecode.swift; path = "BaseTestCase+User.swift"; sourceTree = "<group>"; };
		22AA9275267BC8EB00E038D3 /* Endpoint+SubscriptionStatus.swift */ = {isa = PBXFileReference; lastKnownFileType = sourcecode.swift; path = "Endpoint+SubscriptionStatus.swift"; sourceTree = "<group>"; };
		22AA9277267BC92D00E038D3 /* SubscriptionStatusTests.swift */ = {isa = PBXFileReference; lastKnownFileType = sourcecode.swift; path = SubscriptionStatusTests.swift; sourceTree = "<group>"; };
		22AA9285267BD48100E038D3 /* LoginView.swift */ = {isa = PBXFileReference; lastKnownFileType = sourcecode.swift; path = LoginView.swift; sourceTree = "<group>"; };
		22AA928A267BE4CD00E038D3 /* AppState.swift */ = {isa = PBXFileReference; lastKnownFileType = sourcecode.swift; path = AppState.swift; sourceTree = "<group>"; };
		22AA928F267CB94600E038D3 /* HomeView.swift */ = {isa = PBXFileReference; lastKnownFileType = sourcecode.swift; path = HomeView.swift; sourceTree = "<group>"; };
		22AA9292267CC19A00E038D3 /* UserDefaults+ObjectSavable.swift */ = {isa = PBXFileReference; lastKnownFileType = sourcecode.swift; path = "UserDefaults+ObjectSavable.swift"; sourceTree = "<group>"; };
		22AA9295267E135100E038D3 /* AccountView.swift */ = {isa = PBXFileReference; lastKnownFileType = sourcecode.swift; path = AccountView.swift; sourceTree = "<group>"; };
		22AA9298267FCCCA00E038D3 /* PodcastsView.swift */ = {isa = PBXFileReference; lastKnownFileType = sourcecode.swift; path = PodcastsView.swift; sourceTree = "<group>"; };
		22AA929A267FCCF900E038D3 /* PodcastsViewModel.swift */ = {isa = PBXFileReference; lastKnownFileType = sourcecode.swift; path = PodcastsViewModel.swift; sourceTree = "<group>"; };
		22AA929C267FCF3100E038D3 /* PodcastCell.swift */ = {isa = PBXFileReference; lastKnownFileType = sourcecode.swift; path = PodcastCell.swift; sourceTree = "<group>"; };
		22AA92AE2680AC0A00E038D3 /* .gitkeep */ = {isa = PBXFileReference; fileEncoding = 4; lastKnownFileType = text; path = .gitkeep; sourceTree = "<group>"; };
		22AA92B12680AC1700E038D3 /* Localizable.strings */ = {isa = PBXFileReference; fileEncoding = 4; lastKnownFileType = text.plist.strings; path = Localizable.strings; sourceTree = "<group>"; };
		22AA92B32680ACA200E038D3 /* Images.xcassets */ = {isa = PBXFileReference; lastKnownFileType = folder.assetcatalog; path = Images.xcassets; sourceTree = "<group>"; };
		22AA92B52680ACC100E038D3 /* Colors.xcassets */ = {isa = PBXFileReference; lastKnownFileType = folder.assetcatalog; path = Colors.xcassets; sourceTree = "<group>"; };
		22AA92B82680ACEE00E038D3 /* Strings.swift */ = {isa = PBXFileReference; fileEncoding = 4; lastKnownFileType = sourcecode.swift; path = Strings.swift; sourceTree = "<group>"; };
		22AA92BE2680AE2400E038D3 /* Images.swift */ = {isa = PBXFileReference; fileEncoding = 4; lastKnownFileType = sourcecode.swift; path = Images.swift; sourceTree = "<group>"; };
/* End PBXFileReference section */

/* Begin PBXFrameworksBuildPhase section */
		225672F42677C18B00C6B122 /* Frameworks */ = {
			isa = PBXFrameworksBuildPhase;
			buildActionMask = 2147483647;
			files = (
			);
			runOnlyForDeploymentPostprocessing = 0;
		};
		225673042677C19000C6B122 /* Frameworks */ = {
			isa = PBXFrameworksBuildPhase;
			buildActionMask = 2147483647;
			files = (
			);
			runOnlyForDeploymentPostprocessing = 0;
		};
		2256730E2677C19000C6B122 /* Frameworks */ = {
			isa = PBXFrameworksBuildPhase;
			buildActionMask = 2147483647;
			files = (
			);
			runOnlyForDeploymentPostprocessing = 0;
		};
/* End PBXFrameworksBuildPhase section */

/* Begin PBXGroup section */
		2231EAE12681213400AE917E /* Components */ = {
			isa = PBXGroup;
			children = (
				2231EAE22681213D00AE917E /* Toolbar */,
				2231EAEB2682644E00AE917E /* Logo.swift */,
			);
			path = Components;
			sourceTree = "<group>";
		};
		2231EAE22681213D00AE917E /* Toolbar */ = {
			isa = PBXGroup;
			children = (
				2231EAE32681215200AE917E /* Toolbar.swift */,
				2231EAE52681250C00AE917E /* VolumeSlider.swift */,
				2231EAE92681FAEE00AE917E /* NowListening.swift */,
			);
			path = Toolbar;
			sourceTree = "<group>";
		};
		225672EE2677C18B00C6B122 = {
			isa = PBXGroup;
			children = (
				225672F92677C18B00C6B122 /* Pocketcasts */,
				2256730A2677C19000C6B122 /* PocketcastsTests */,
				225673142677C19000C6B122 /* PocketcastsUITests */,
				225672F82677C18B00C6B122 /* Products */,
			);
			sourceTree = "<group>";
		};
		225672F82677C18B00C6B122 /* Products */ = {
			isa = PBXGroup;
			children = (
				225672F72677C18B00C6B122 /* Pocketcasts.app */,
				225673072677C19000C6B122 /* PocketcastsTests.xctest */,
				225673112677C19000C6B122 /* PocketcastsUITests.xctest */,
			);
			name = Products;
			sourceTree = "<group>";
		};
		225672F92677C18B00C6B122 /* Pocketcasts */ = {
			isa = PBXGroup;
			children = (
				22AA92A42680A5B400E038D3 /* Resources */,
				22AA92A32680A5B000E038D3 /* Sources */,
				225673002677C18F00C6B122 /* Preview Content */,
			);
			path = Pocketcasts;
			sourceTree = "<group>";
		};
		225673002677C18F00C6B122 /* Preview Content */ = {
			isa = PBXGroup;
			children = (
				225673012677C18F00C6B122 /* Preview Assets.xcassets */,
			);
			path = "Preview Content";
			sourceTree = "<group>";
		};
		2256730A2677C19000C6B122 /* PocketcastsTests */ = {
			isa = PBXGroup;
			children = (
				2256730B2677C19000C6B122 /* BaseTestCase.swift */,
				2256733C267B60D300C6B122 /* LoginTests.swift */,
				22AA9271267B6C5800E038D3 /* PodcastTests.swift */,
				22AA9273267B700600E038D3 /* BaseTestCase+User.swift */,
				22AA9277267BC92D00E038D3 /* SubscriptionStatusTests.swift */,
			);
			path = PocketcastsTests;
			sourceTree = "<group>";
		};
		225673142677C19000C6B122 /* PocketcastsUITests */ = {
			isa = PBXGroup;
			children = (
				225673152677C19000C6B122 /* PocketcastsUITests.swift */,
			);
			path = PocketcastsUITests;
			sourceTree = "<group>";
		};
		225673222677C1C200C6B122 /* App */ = {
			isa = PBXGroup;
			children = (
				225672FC2677C18B00C6B122 /* ContentView.swift */,
				225672FA2677C18B00C6B122 /* PocketcastsApp.swift */,
				22AA928A267BE4CD00E038D3 /* AppState.swift */,
			);
			path = App;
			sourceTree = "<group>";
		};
		225673242677C23C00C6B122 /* Models */ = {
			isa = PBXGroup;
			children = (
				226AC49F2683446B00F9C34D /* Main.xcdatamodeld */,
				225673252677C27400C6B122 /* Podcast.swift */,
				225673272677C44700C6B122 /* Episode.swift */,
				225673292677C72900C6B122 /* SubscriptionStatus.swift */,
				22567338267A126D00C6B122 /* User.swift */,
				226AC4A22683450500F9C34D /* Persistence.swift */,
			);
			path = Models;
			sourceTree = "<group>";
		};
		2256732B2677C84100C6B122 /* Network */ = {
			isa = PBXGroup;
			children = (
				22AA926C267B6BDE00E038D3 /* PrivateEndpoints */,
				22AA926B267B6BD500E038D3 /* PublicEndpoints */,
				2256732E2677C86D00C6B122 /* Endpoint.swift */,
				22567334267A104E00C6B122 /* URLSession.swift */,
				2256733A267A1CD800C6B122 /* HTTPMethod.swift */,
				2256733E267B619800C6B122 /* Network.swift */,
			);
			path = Network;
			sourceTree = "<group>";
		};
		22AA926B267B6BD500E038D3 /* PublicEndpoints */ = {
			isa = PBXGroup;
			children = (
				22AA926D267B6BF100E038D3 /* Endpoint+User.swift */,
			);
			path = PublicEndpoints;
			sourceTree = "<group>";
		};
		22AA926C267B6BDE00E038D3 /* PrivateEndpoints */ = {
			isa = PBXGroup;
			children = (
				22AA926F267B6C0B00E038D3 /* Endpoint+Podcast.swift */,
				22AA9275267BC8EB00E038D3 /* Endpoint+SubscriptionStatus.swift */,
				226AC4A42683C88600F9C34D /* Endpoint+Episode.swift */,
			);
			path = PrivateEndpoints;
			sourceTree = "<group>";
		};
		22AA9283267BD45500E038D3 /* Screens */ = {
			isa = PBXGroup;
			children = (
				22AA9297267FCCBA00E038D3 /* Podcasts */,
				22AA9294267E132A00E038D3 /* Account */,
				22AA928E267CB93700E038D3 /* Home */,
				22AA9284267BD47400E038D3 /* Login */,
			);
			path = Screens;
			sourceTree = "<group>";
		};
		22AA9284267BD47400E038D3 /* Login */ = {
			isa = PBXGroup;
			children = (
				22AA9285267BD48100E038D3 /* LoginView.swift */,
			);
			path = Login;
			sourceTree = "<group>";
		};
		22AA928E267CB93700E038D3 /* Home */ = {
			isa = PBXGroup;
			children = (
				22AA928F267CB94600E038D3 /* HomeView.swift */,
			);
			path = Home;
			sourceTree = "<group>";
		};
		22AA9291267CC18800E038D3 /* Utils */ = {
			isa = PBXGroup;
			children = (
				22AA9292267CC19A00E038D3 /* UserDefaults+ObjectSavable.swift */,
				2231EADF2681191500AE917E /* Color.swift */,
				2231EAE726812B0B00AE917E /* View+Extensions.swift */,
			);
			path = Utils;
			sourceTree = "<group>";
		};
		22AA9294267E132A00E038D3 /* Account */ = {
			isa = PBXGroup;
			children = (
				22AA9295267E135100E038D3 /* AccountView.swift */,
			);
			path = Account;
			sourceTree = "<group>";
		};
		22AA9297267FCCBA00E038D3 /* Podcasts */ = {
			isa = PBXGroup;
			children = (
				22AA9298267FCCCA00E038D3 /* PodcastsView.swift */,
				22AA929A267FCCF900E038D3 /* PodcastsViewModel.swift */,
				22AA929C267FCF3100E038D3 /* PodcastCell.swift */,
			);
			path = Podcasts;
			sourceTree = "<group>";
		};
		22AA92A32680A5B000E038D3 /* Sources */ = {
			isa = PBXGroup;
			children = (
				2231EAE12681213400AE917E /* Components */,
				22AA92AD2680ABFC00E038D3 /* Generated */,
				22AA9291267CC18800E038D3 /* Utils */,
				22AA9283267BD45500E038D3 /* Screens */,
				2256732B2677C84100C6B122 /* Network */,
				225673242677C23C00C6B122 /* Models */,
				225673222677C1C200C6B122 /* App */,
			);
			path = Sources;
			sourceTree = "<group>";
		};
		22AA92A42680A5B400E038D3 /* Resources */ = {
			isa = PBXGroup;
			children = (
				22AA92B02680AC1200E038D3 /* Base.lproj */,
				22AA9268267B66D900E038D3 /* Info.plist */,
				225673232677C1EA00C6B122 /* Pocketcasts.entitlements */,
				22AA92B52680ACC100E038D3 /* Colors.xcassets */,
				22AA92B32680ACA200E038D3 /* Images.xcassets */,
			);
			path = Resources;
			sourceTree = "<group>";
		};
		22AA92AD2680ABFC00E038D3 /* Generated */ = {
			isa = PBXGroup;
			children = (
				22AA92BE2680AE2400E038D3 /* Images.swift */,
				22AA92B82680ACEE00E038D3 /* Strings.swift */,
				22AA92AE2680AC0A00E038D3 /* .gitkeep */,
			);
			path = Generated;
			sourceTree = "<group>";
		};
		22AA92B02680AC1200E038D3 /* Base.lproj */ = {
			isa = PBXGroup;
			children = (
				22AA92B12680AC1700E038D3 /* Localizable.strings */,
			);
			path = Base.lproj;
			sourceTree = "<group>";
		};
/* End PBXGroup section */

/* Begin PBXNativeTarget section */
		225672F62677C18B00C6B122 /* Pocketcasts */ = {
			isa = PBXNativeTarget;
			buildConfigurationList = 225673192677C19000C6B122 /* Build configuration list for PBXNativeTarget "Pocketcasts" */;
			buildPhases = (
				22011E372680AEEE00C55EDC /* SwiftGen */,
				225672F32677C18B00C6B122 /* Sources */,
				225672F42677C18B00C6B122 /* Frameworks */,
				225672F52677C18B00C6B122 /* Resources */,
			);
			buildRules = (
			);
			dependencies = (
			);
			name = Pocketcasts;
			packageProductDependencies = (
			);
			productName = Pocketcasts;
			productReference = 225672F72677C18B00C6B122 /* Pocketcasts.app */;
			productType = "com.apple.product-type.application";
		};
		225673062677C19000C6B122 /* PocketcastsTests */ = {
			isa = PBXNativeTarget;
			buildConfigurationList = 2256731C2677C19000C6B122 /* Build configuration list for PBXNativeTarget "PocketcastsTests" */;
			buildPhases = (
				225673032677C19000C6B122 /* Sources */,
				225673042677C19000C6B122 /* Frameworks */,
				225673052677C19000C6B122 /* Resources */,
			);
			buildRules = (
			);
			dependencies = (
				225673092677C19000C6B122 /* PBXTargetDependency */,
			);
			name = PocketcastsTests;
			productName = PocketcastsTests;
			productReference = 225673072677C19000C6B122 /* PocketcastsTests.xctest */;
			productType = "com.apple.product-type.bundle.unit-test";
		};
		225673102677C19000C6B122 /* PocketcastsUITests */ = {
			isa = PBXNativeTarget;
			buildConfigurationList = 2256731F2677C19000C6B122 /* Build configuration list for PBXNativeTarget "PocketcastsUITests" */;
			buildPhases = (
				2256730D2677C19000C6B122 /* Sources */,
				2256730E2677C19000C6B122 /* Frameworks */,
				2256730F2677C19000C6B122 /* Resources */,
			);
			buildRules = (
			);
			dependencies = (
				225673132677C19000C6B122 /* PBXTargetDependency */,
			);
			name = PocketcastsUITests;
			productName = PocketcastsUITests;
			productReference = 225673112677C19000C6B122 /* PocketcastsUITests.xctest */;
			productType = "com.apple.product-type.bundle.ui-testing";
		};
/* End PBXNativeTarget section */

/* Begin PBXProject section */
		225672EF2677C18B00C6B122 /* Project object */ = {
			isa = PBXProject;
			attributes = {
				BuildIndependentTargetsInParallel = 1;
				LastSwiftUpdateCheck = 1300;
				LastUpgradeCheck = 1300;
				TargetAttributes = {
					225672F62677C18B00C6B122 = {
						CreatedOnToolsVersion = 13.0;
					};
					225673062677C19000C6B122 = {
						CreatedOnToolsVersion = 13.0;
						TestTargetID = 225672F62677C18B00C6B122;
					};
					225673102677C19000C6B122 = {
						CreatedOnToolsVersion = 13.0;
						TestTargetID = 225672F62677C18B00C6B122;
					};
				};
			};
			buildConfigurationList = 225672F22677C18B00C6B122 /* Build configuration list for PBXProject "Pocketcasts" */;
			compatibilityVersion = "Xcode 13.0";
			developmentRegion = en;
			hasScannedForEncodings = 0;
			knownRegions = (
				en,
				Base,
			);
			mainGroup = 225672EE2677C18B00C6B122;
			packageReferences = (
			);
			productRefGroup = 225672F82677C18B00C6B122 /* Products */;
			projectDirPath = "";
			projectRoot = "";
			targets = (
				225672F62677C18B00C6B122 /* Pocketcasts */,
				225673062677C19000C6B122 /* PocketcastsTests */,
				225673102677C19000C6B122 /* PocketcastsUITests */,
			);
		};
/* End PBXProject section */

/* Begin PBXResourcesBuildPhase section */
		225672F52677C18B00C6B122 /* Resources */ = {
			isa = PBXResourcesBuildPhase;
			buildActionMask = 2147483647;
			files = (
				22AA92B22680AC1700E038D3 /* Localizable.strings in Resources */,
				22AA92B42680ACA200E038D3 /* Images.xcassets in Resources */,
				225673022677C18F00C6B122 /* Preview Assets.xcassets in Resources */,
				22AA92B62680ACC100E038D3 /* Colors.xcassets in Resources */,
				22AA92AF2680AC0A00E038D3 /* .gitkeep in Resources */,
			);
			runOnlyForDeploymentPostprocessing = 0;
		};
		225673052677C19000C6B122 /* Resources */ = {
			isa = PBXResourcesBuildPhase;
			buildActionMask = 2147483647;
			files = (
			);
			runOnlyForDeploymentPostprocessing = 0;
		};
		2256730F2677C19000C6B122 /* Resources */ = {
			isa = PBXResourcesBuildPhase;
			buildActionMask = 2147483647;
			files = (
			);
			runOnlyForDeploymentPostprocessing = 0;
		};
/* End PBXResourcesBuildPhase section */

/* Begin PBXShellScriptBuildPhase section */
		22011E372680AEEE00C55EDC /* SwiftGen */ = {
			isa = PBXShellScriptBuildPhase;
			buildActionMask = 2147483647;
			files = (
			);
			inputFileListPaths = (
			);
			inputPaths = (
			);
			name = SwiftGen;
			outputFileListPaths = (
			);
			outputPaths = (
			);
			runOnlyForDeploymentPostprocessing = 0;
			shellPath = /bin/sh;
			shellScript = "if which swiftgen >/dev/null; then\n  swiftgen\nelse\n  echo \"warning: SwiftGen not installed, download it from https://github.com/SwiftGen/SwiftGen\"\nfi\n";
		};
/* End PBXShellScriptBuildPhase section */

/* Begin PBXSourcesBuildPhase section */
		225672F32677C18B00C6B122 /* Sources */ = {
			isa = PBXSourcesBuildPhase;
			buildActionMask = 2147483647;
			files = (
				22AA9293267CC19A00E038D3 /* UserDefaults+ObjectSavable.swift in Sources */,
				2231EAE42681215200AE917E /* Toolbar.swift in Sources */,
				2256732F2677C86D00C6B122 /* Endpoint.swift in Sources */,
				22AA9276267BC8EB00E038D3 /* Endpoint+SubscriptionStatus.swift in Sources */,
				22AA929B267FCCF900E038D3 /* PodcastsViewModel.swift in Sources */,
				225672FD2677C18B00C6B122 /* ContentView.swift in Sources */,
				226AC4A52683C88600F9C34D /* Endpoint+Episode.swift in Sources */,
				22AA9286267BD48100E038D3 /* LoginView.swift in Sources */,
				22AA9299267FCCCA00E038D3 /* PodcastsView.swift in Sources */,
				2256732A2677C72900C6B122 /* SubscriptionStatus.swift in Sources */,
				22AA929D267FCF3100E038D3 /* PodcastCell.swift in Sources */,
				2231EAE826812B0B00AE917E /* View+Extensions.swift in Sources */,
				22AA9290267CB94600E038D3 /* HomeView.swift in Sources */,
				22AA92BA2680ACEE00E038D3 /* Strings.swift in Sources */,
				22AA9270267B6C0B00E038D3 /* Endpoint+Podcast.swift in Sources */,
				2256733B267A1CD800C6B122 /* HTTPMethod.swift in Sources */,
				2231EAEA2681FAEE00AE917E /* NowListening.swift in Sources */,
				2231EAEC2682644F00AE917E /* Logo.swift in Sources */,
				226AC4A32683450600F9C34D /* Persistence.swift in Sources */,
				225673282677C44700C6B122 /* Episode.swift in Sources */,
				2256733F267B619800C6B122 /* Network.swift in Sources */,
				225672FB2677C18B00C6B122 /* PocketcastsApp.swift in Sources */,
				22567339267A126D00C6B122 /* User.swift in Sources */,
				226AC4A12683446B00F9C34D /* Main.xcdatamodeld in Sources */,
				22AA9296267E135100E038D3 /* AccountView.swift in Sources */,
				2231EAE02681191500AE917E /* Color.swift in Sources */,
				2231EAE62681250C00AE917E /* VolumeSlider.swift in Sources */,
				22AA928B267BE4CD00E038D3 /* AppState.swift in Sources */,
				22567335267A104E00C6B122 /* URLSession.swift in Sources */,
				225673262677C27400C6B122 /* Podcast.swift in Sources */,
				22AA92C02680AE2400E038D3 /* Images.swift in Sources */,
				22AA926E267B6BF100E038D3 /* Endpoint+User.swift in Sources */,
			);
			runOnlyForDeploymentPostprocessing = 0;
		};
		225673032677C19000C6B122 /* Sources */ = {
			isa = PBXSourcesBuildPhase;
			buildActionMask = 2147483647;
			files = (
				2256730C2677C19000C6B122 /* BaseTestCase.swift in Sources */,
				22AA9272267B6C5800E038D3 /* PodcastTests.swift in Sources */,
				22AA9278267BC92D00E038D3 /* SubscriptionStatusTests.swift in Sources */,
				2256733D267B60D300C6B122 /* LoginTests.swift in Sources */,
				22AA9274267B700600E038D3 /* BaseTestCase+User.swift in Sources */,
			);
			runOnlyForDeploymentPostprocessing = 0;
		};
		2256730D2677C19000C6B122 /* Sources */ = {
			isa = PBXSourcesBuildPhase;
			buildActionMask = 2147483647;
			files = (
				225673162677C19000C6B122 /* PocketcastsUITests.swift in Sources */,
			);
			runOnlyForDeploymentPostprocessing = 0;
		};
/* End PBXSourcesBuildPhase section */

/* Begin PBXTargetDependency section */
		225673092677C19000C6B122 /* PBXTargetDependency */ = {
			isa = PBXTargetDependency;
			target = 225672F62677C18B00C6B122 /* Pocketcasts */;
			targetProxy = 225673082677C19000C6B122 /* PBXContainerItemProxy */;
		};
		225673132677C19000C6B122 /* PBXTargetDependency */ = {
			isa = PBXTargetDependency;
			target = 225672F62677C18B00C6B122 /* Pocketcasts */;
			targetProxy = 225673122677C19000C6B122 /* PBXContainerItemProxy */;
		};
/* End PBXTargetDependency section */

/* Begin XCBuildConfiguration section */
		225673172677C19000C6B122 /* Debug */ = {
			isa = XCBuildConfiguration;
			buildSettings = {
				ALWAYS_SEARCH_USER_PATHS = NO;
				CLANG_ANALYZER_NONNULL = YES;
				CLANG_ANALYZER_NUMBER_OBJECT_CONVERSION = YES_AGGRESSIVE;
				CLANG_CXX_LANGUAGE_STANDARD = "gnu++14";
				CLANG_CXX_LIBRARY = "libc++";
				CLANG_ENABLE_MODULES = YES;
				CLANG_ENABLE_OBJC_ARC = YES;
				CLANG_ENABLE_OBJC_WEAK = YES;
				CLANG_WARN_BLOCK_CAPTURE_AUTORELEASING = YES;
				CLANG_WARN_BOOL_CONVERSION = YES;
				CLANG_WARN_COMMA = YES;
				CLANG_WARN_CONSTANT_CONVERSION = YES;
				CLANG_WARN_DEPRECATED_OBJC_IMPLEMENTATIONS = YES;
				CLANG_WARN_DIRECT_OBJC_ISA_USAGE = YES_ERROR;
				CLANG_WARN_DOCUMENTATION_COMMENTS = YES;
				CLANG_WARN_EMPTY_BODY = YES;
				CLANG_WARN_ENUM_CONVERSION = YES;
				CLANG_WARN_INFINITE_RECURSION = YES;
				CLANG_WARN_INT_CONVERSION = YES;
				CLANG_WARN_NON_LITERAL_NULL_CONVERSION = YES;
				CLANG_WARN_OBJC_IMPLICIT_RETAIN_SELF = YES;
				CLANG_WARN_OBJC_LITERAL_CONVERSION = YES;
				CLANG_WARN_OBJC_ROOT_CLASS = YES_ERROR;
				CLANG_WARN_QUOTED_INCLUDE_IN_FRAMEWORK_HEADER = YES;
				CLANG_WARN_RANGE_LOOP_ANALYSIS = YES;
				CLANG_WARN_STRICT_PROTOTYPES = YES;
				CLANG_WARN_SUSPICIOUS_MOVE = YES;
				CLANG_WARN_UNGUARDED_AVAILABILITY = YES_AGGRESSIVE;
				CLANG_WARN_UNREACHABLE_CODE = YES;
				CLANG_WARN__DUPLICATE_METHOD_MATCH = YES;
				COPY_PHASE_STRIP = NO;
				DEBUG_INFORMATION_FORMAT = dwarf;
				ENABLE_STRICT_OBJC_MSGSEND = YES;
				ENABLE_TESTABILITY = YES;
				GCC_C_LANGUAGE_STANDARD = gnu11;
				GCC_DYNAMIC_NO_PIC = NO;
				GCC_NO_COMMON_BLOCKS = YES;
				GCC_OPTIMIZATION_LEVEL = 0;
				GCC_PREPROCESSOR_DEFINITIONS = (
					"DEBUG=1",
					"$(inherited)",
				);
				GCC_WARN_64_TO_32_BIT_CONVERSION = YES;
				GCC_WARN_ABOUT_RETURN_TYPE = YES_ERROR;
				GCC_WARN_UNDECLARED_SELECTOR = YES;
				GCC_WARN_UNINITIALIZED_AUTOS = YES_AGGRESSIVE;
				GCC_WARN_UNUSED_FUNCTION = YES;
				GCC_WARN_UNUSED_VARIABLE = YES;
				IPHONEOS_DEPLOYMENT_TARGET = 15.0;
				MACOSX_DEPLOYMENT_TARGET = 12.0;
				MTL_ENABLE_DEBUG_INFO = INCLUDE_SOURCE;
				MTL_FAST_MATH = YES;
				ONLY_ACTIVE_ARCH = YES;
				SDKROOT = macosx;
				SWIFT_ACTIVE_COMPILATION_CONDITIONS = DEBUG;
				SWIFT_OPTIMIZATION_LEVEL = "-Onone";
			};
			name = Debug;
		};
		225673182677C19000C6B122 /* Release */ = {
			isa = XCBuildConfiguration;
			buildSettings = {
				ALWAYS_SEARCH_USER_PATHS = NO;
				CLANG_ANALYZER_NONNULL = YES;
				CLANG_ANALYZER_NUMBER_OBJECT_CONVERSION = YES_AGGRESSIVE;
				CLANG_CXX_LANGUAGE_STANDARD = "gnu++14";
				CLANG_CXX_LIBRARY = "libc++";
				CLANG_ENABLE_MODULES = YES;
				CLANG_ENABLE_OBJC_ARC = YES;
				CLANG_ENABLE_OBJC_WEAK = YES;
				CLANG_WARN_BLOCK_CAPTURE_AUTORELEASING = YES;
				CLANG_WARN_BOOL_CONVERSION = YES;
				CLANG_WARN_COMMA = YES;
				CLANG_WARN_CONSTANT_CONVERSION = YES;
				CLANG_WARN_DEPRECATED_OBJC_IMPLEMENTATIONS = YES;
				CLANG_WARN_DIRECT_OBJC_ISA_USAGE = YES_ERROR;
				CLANG_WARN_DOCUMENTATION_COMMENTS = YES;
				CLANG_WARN_EMPTY_BODY = YES;
				CLANG_WARN_ENUM_CONVERSION = YES;
				CLANG_WARN_INFINITE_RECURSION = YES;
				CLANG_WARN_INT_CONVERSION = YES;
				CLANG_WARN_NON_LITERAL_NULL_CONVERSION = YES;
				CLANG_WARN_OBJC_IMPLICIT_RETAIN_SELF = YES;
				CLANG_WARN_OBJC_LITERAL_CONVERSION = YES;
				CLANG_WARN_OBJC_ROOT_CLASS = YES_ERROR;
				CLANG_WARN_QUOTED_INCLUDE_IN_FRAMEWORK_HEADER = YES;
				CLANG_WARN_RANGE_LOOP_ANALYSIS = YES;
				CLANG_WARN_STRICT_PROTOTYPES = YES;
				CLANG_WARN_SUSPICIOUS_MOVE = YES;
				CLANG_WARN_UNGUARDED_AVAILABILITY = YES_AGGRESSIVE;
				CLANG_WARN_UNREACHABLE_CODE = YES;
				CLANG_WARN__DUPLICATE_METHOD_MATCH = YES;
				COPY_PHASE_STRIP = NO;
				DEBUG_INFORMATION_FORMAT = "dwarf-with-dsym";
				ENABLE_NS_ASSERTIONS = NO;
				ENABLE_STRICT_OBJC_MSGSEND = YES;
				GCC_C_LANGUAGE_STANDARD = gnu11;
				GCC_NO_COMMON_BLOCKS = YES;
				GCC_WARN_64_TO_32_BIT_CONVERSION = YES;
				GCC_WARN_ABOUT_RETURN_TYPE = YES_ERROR;
				GCC_WARN_UNDECLARED_SELECTOR = YES;
				GCC_WARN_UNINITIALIZED_AUTOS = YES_AGGRESSIVE;
				GCC_WARN_UNUSED_FUNCTION = YES;
				GCC_WARN_UNUSED_VARIABLE = YES;
				IPHONEOS_DEPLOYMENT_TARGET = 15.0;
				MACOSX_DEPLOYMENT_TARGET = 12.0;
				MTL_ENABLE_DEBUG_INFO = NO;
				MTL_FAST_MATH = YES;
				SDKROOT = macosx;
				SWIFT_COMPILATION_MODE = wholemodule;
				SWIFT_OPTIMIZATION_LEVEL = "-O";
				VALIDATE_PRODUCT = YES;
			};
			name = Release;
		};
		2256731A2677C19000C6B122 /* Debug */ = {
			isa = XCBuildConfiguration;
			buildSettings = {
				ASSETCATALOG_COMPILER_APPICON_NAME = AppIcon;
				ASSETCATALOG_COMPILER_GLOBAL_ACCENT_COLOR_NAME = AccentColor;
				CODE_SIGN_ENTITLEMENTS = Pocketcasts/Resources/Pocketcasts.entitlements;
				CODE_SIGN_STYLE = Automatic;
				CURRENT_PROJECT_VERSION = 1;
				DEVELOPMENT_ASSET_PATHS = "\"Pocketcasts/Preview Content\"";
				DEVELOPMENT_TEAM = 83Q998B277;
				ENABLE_PREVIEWS = YES;
				GENERATE_INFOPLIST_FILE = YES;
				INFOPLIST_FILE = Pocketcasts/Resources/Info.plist;
				INFOPLIST_KEY_CFBundleExecutable = Pocketcasts;
				INFOPLIST_KEY_CFBundleName = Pocketcasts;
				INFOPLIST_KEY_CFBundleVersion = 1;
				INFOPLIST_KEY_UIApplicationSceneManifest_Generation = YES;
				INFOPLIST_KEY_UIApplicationSupportsIndirectInputEvents = YES;
				INFOPLIST_KEY_UILaunchScreen_Generation = YES;
				INFOPLIST_KEY_UISupportedInterfaceOrientations_iPad = "UIInterfaceOrientationPortrait UIInterfaceOrientationPortraitUpsideDown UIInterfaceOrientationLandscapeLeft UIInterfaceOrientationLandscapeRight";
				INFOPLIST_KEY_UISupportedInterfaceOrientations_iPhone = "UIInterfaceOrientationPortrait UIInterfaceOrientationLandscapeLeft UIInterfaceOrientationLandscapeRight";
				IPHONEOS_DEPLOYMENT_TARGET = 15.0;
				LD_RUNPATH_SEARCH_PATHS = (
					"$(inherited)",
					"@executable_path/Frameworks",
				);
				MARKETING_VERSION = 1.0;
				PRODUCT_BUNDLE_IDENTIFIER = com.qeude.Pocketcasts;
				PRODUCT_NAME = "$(TARGET_NAME)";
				SUPPORTS_MACCATALYST = YES;
				SUPPORTS_MAC_DESIGNED_FOR_IPHONE_IPAD = NO;
				SWIFT_EMIT_LOC_STRINGS = YES;
				SWIFT_VERSION = 5.0;
				TARGETED_DEVICE_FAMILY = "1,2,6";
			};
			name = Debug;
		};
		2256731B2677C19000C6B122 /* Release */ = {
			isa = XCBuildConfiguration;
			buildSettings = {
				ASSETCATALOG_COMPILER_APPICON_NAME = AppIcon;
				ASSETCATALOG_COMPILER_GLOBAL_ACCENT_COLOR_NAME = AccentColor;
				CODE_SIGN_ENTITLEMENTS = Pocketcasts/Resources/Pocketcasts.entitlements;
				CODE_SIGN_STYLE = Automatic;
				CURRENT_PROJECT_VERSION = 1;
				DEVELOPMENT_ASSET_PATHS = "\"Pocketcasts/Preview Content\"";
				DEVELOPMENT_TEAM = 83Q998B277;
				ENABLE_PREVIEWS = YES;
				GENERATE_INFOPLIST_FILE = YES;
				INFOPLIST_FILE = Pocketcasts/Resources/Info.plist;
				INFOPLIST_KEY_CFBundleExecutable = Pocketcasts;
				INFOPLIST_KEY_CFBundleName = Pocketcasts;
				INFOPLIST_KEY_CFBundleVersion = 1;
				INFOPLIST_KEY_UIApplicationSceneManifest_Generation = YES;
				INFOPLIST_KEY_UIApplicationSupportsIndirectInputEvents = YES;
				INFOPLIST_KEY_UILaunchScreen_Generation = YES;
				INFOPLIST_KEY_UISupportedInterfaceOrientations_iPad = "UIInterfaceOrientationPortrait UIInterfaceOrientationPortraitUpsideDown UIInterfaceOrientationLandscapeLeft UIInterfaceOrientationLandscapeRight";
				INFOPLIST_KEY_UISupportedInterfaceOrientations_iPhone = "UIInterfaceOrientationPortrait UIInterfaceOrientationLandscapeLeft UIInterfaceOrientationLandscapeRight";
				IPHONEOS_DEPLOYMENT_TARGET = 15.0;
				LD_RUNPATH_SEARCH_PATHS = (
					"$(inherited)",
					"@executable_path/Frameworks",
				);
				MARKETING_VERSION = 1.0;
				PRODUCT_BUNDLE_IDENTIFIER = com.qeude.Pocketcasts;
				PRODUCT_NAME = "$(TARGET_NAME)";
				SUPPORTS_MACCATALYST = YES;
				SUPPORTS_MAC_DESIGNED_FOR_IPHONE_IPAD = NO;
				SWIFT_EMIT_LOC_STRINGS = YES;
				SWIFT_VERSION = 5.0;
				TARGETED_DEVICE_FAMILY = "1,2,6";
			};
			name = Release;
		};
		2256731D2677C19000C6B122 /* Debug */ = {
			isa = XCBuildConfiguration;
			buildSettings = {
				ALWAYS_EMBED_SWIFT_STANDARD_LIBRARIES = YES;
				BUNDLE_LOADER = "$(TEST_HOST)";
				CODE_SIGN_STYLE = Automatic;
				CURRENT_PROJECT_VERSION = 1;
				DEVELOPMENT_TEAM = 83Q998B277;
				GENERATE_INFOPLIST_FILE = YES;
				IPHONEOS_DEPLOYMENT_TARGET = 14.0;
				LD_RUNPATH_SEARCH_PATHS = (
					"$(inherited)",
					"@executable_path/Frameworks",
					"@loader_path/Frameworks",
				);
				MARKETING_VERSION = 1.0;
				PRODUCT_BUNDLE_IDENTIFIER = com.qeude.PocketcastsTests;
				PRODUCT_NAME = "$(TARGET_NAME)";
				SWIFT_EMIT_LOC_STRINGS = NO;
				SWIFT_VERSION = 5.0;
				TARGETED_DEVICE_FAMILY = "1,2";
				TEST_HOST = "$(BUILT_PRODUCTS_DIR)/Pocketcasts.app/Contents/MacOS/Pocketcasts";
			};
			name = Debug;
		};
		2256731E2677C19000C6B122 /* Release */ = {
			isa = XCBuildConfiguration;
			buildSettings = {
				ALWAYS_EMBED_SWIFT_STANDARD_LIBRARIES = YES;
				BUNDLE_LOADER = "$(TEST_HOST)";
				CODE_SIGN_STYLE = Automatic;
				CURRENT_PROJECT_VERSION = 1;
				DEVELOPMENT_TEAM = 83Q998B277;
				GENERATE_INFOPLIST_FILE = YES;
				IPHONEOS_DEPLOYMENT_TARGET = 14.0;
				LD_RUNPATH_SEARCH_PATHS = (
					"$(inherited)",
					"@executable_path/Frameworks",
					"@loader_path/Frameworks",
				);
				MARKETING_VERSION = 1.0;
				PRODUCT_BUNDLE_IDENTIFIER = com.qeude.PocketcastsTests;
				PRODUCT_NAME = "$(TARGET_NAME)";
				SWIFT_EMIT_LOC_STRINGS = NO;
				SWIFT_VERSION = 5.0;
				TARGETED_DEVICE_FAMILY = "1,2";
				TEST_HOST = "$(BUILT_PRODUCTS_DIR)/Pocketcasts.app/Contents/MacOS/Pocketcasts";
			};
			name = Release;
		};
		225673202677C19000C6B122 /* Debug */ = {
			isa = XCBuildConfiguration;
			buildSettings = {
				ALWAYS_EMBED_SWIFT_STANDARD_LIBRARIES = YES;
				CODE_SIGN_STYLE = Automatic;
				CURRENT_PROJECT_VERSION = 1;
				DEVELOPMENT_TEAM = 83Q998B277;
				GENERATE_INFOPLIST_FILE = YES;
				LD_RUNPATH_SEARCH_PATHS = (
					"$(inherited)",
					"@executable_path/Frameworks",
					"@loader_path/Frameworks",
				);
				MARKETING_VERSION = 1.0;
				PRODUCT_BUNDLE_IDENTIFIER = com.qeude.PocketcastsUITests;
				PRODUCT_NAME = "$(TARGET_NAME)";
				SWIFT_EMIT_LOC_STRINGS = NO;
				SWIFT_VERSION = 5.0;
				TARGETED_DEVICE_FAMILY = "1,2";
				TEST_TARGET_NAME = Pocketcasts;
			};
			name = Debug;
		};
		225673212677C19000C6B122 /* Release */ = {
			isa = XCBuildConfiguration;
			buildSettings = {
				ALWAYS_EMBED_SWIFT_STANDARD_LIBRARIES = YES;
				CODE_SIGN_STYLE = Automatic;
				CURRENT_PROJECT_VERSION = 1;
				DEVELOPMENT_TEAM = 83Q998B277;
				GENERATE_INFOPLIST_FILE = YES;
				LD_RUNPATH_SEARCH_PATHS = (
					"$(inherited)",
					"@executable_path/Frameworks",
					"@loader_path/Frameworks",
				);
				MARKETING_VERSION = 1.0;
				PRODUCT_BUNDLE_IDENTIFIER = com.qeude.PocketcastsUITests;
				PRODUCT_NAME = "$(TARGET_NAME)";
				SWIFT_EMIT_LOC_STRINGS = NO;
				SWIFT_VERSION = 5.0;
				TARGETED_DEVICE_FAMILY = "1,2";
				TEST_TARGET_NAME = Pocketcasts;
			};
			name = Release;
		};
/* End XCBuildConfiguration section */

/* Begin XCConfigurationList section */
		225672F22677C18B00C6B122 /* Build configuration list for PBXProject "Pocketcasts" */ = {
			isa = XCConfigurationList;
			buildConfigurations = (
				225673172677C19000C6B122 /* Debug */,
				225673182677C19000C6B122 /* Release */,
			);
			defaultConfigurationIsVisible = 0;
			defaultConfigurationName = Release;
		};
		225673192677C19000C6B122 /* Build configuration list for PBXNativeTarget "Pocketcasts" */ = {
			isa = XCConfigurationList;
			buildConfigurations = (
				2256731A2677C19000C6B122 /* Debug */,
				2256731B2677C19000C6B122 /* Release */,
			);
			defaultConfigurationIsVisible = 0;
			defaultConfigurationName = Release;
		};
		2256731C2677C19000C6B122 /* Build configuration list for PBXNativeTarget "PocketcastsTests" */ = {
			isa = XCConfigurationList;
			buildConfigurations = (
				2256731D2677C19000C6B122 /* Debug */,
				2256731E2677C19000C6B122 /* Release */,
			);
			defaultConfigurationIsVisible = 0;
			defaultConfigurationName = Release;
		};
		2256731F2677C19000C6B122 /* Build configuration list for PBXNativeTarget "PocketcastsUITests" */ = {
			isa = XCConfigurationList;
			buildConfigurations = (
				225673202677C19000C6B122 /* Debug */,
				225673212677C19000C6B122 /* Release */,
			);
			defaultConfigurationIsVisible = 0;
			defaultConfigurationName = Release;
		};
/* End XCConfigurationList section */

/* Begin XCVersionGroup section */
		226AC49F2683446B00F9C34D /* Main.xcdatamodeld */ = {
			isa = XCVersionGroup;
			children = (
				226AC4A02683446B00F9C34D /* Pocketcasts.xcdatamodel */,
			);
			currentVersion = 226AC4A02683446B00F9C34D /* Pocketcasts.xcdatamodel */;
			path = Main.xcdatamodeld;
			sourceTree = "<group>";
			versionGroupType = wrapper.xcdatamodel;
		};
/* End XCVersionGroup section */
	};
	rootObject = 225672EF2677C18B00C6B122 /* Project object */;
}
